# This file is automatically @generated by Poetry 1.4.2 and should not be changed by hand.

[[package]]
name = "docopt-ng"
version = "0.8.1"
description = "Jazzband-maintained fork of docopt, the humane command line arguments parser."
category = "main"
optional = false
python-versions = ">=3.7"
files = [
    {file = "docopt-ng-0.8.1.tar.gz", hash = "sha256:ea6a61a288fc864eee6b22d6fe28aa202d59fc86fad05f16ff5e39cc4ea7f6e3"},
    {file = "docopt_ng-0.8.1-py2.py3-none-any.whl", hash = "sha256:ea16004a8b6dd703ac9d8d2a432c5b5e793d7a946f1134a05859e298a7af53bb"},
]

[package.extras]
dev = ["black", "build", "flake8", "mypy", "pre-commit", "pytest", "pytest-cov", "pytest-mypy", "twine"]

[metadata]
lock-version = "2.0"
python-versions = "^3.10"
content-hash = "d20a21deb670856c863ed59878950b1527788651340cedf7938a1002f0994222"
